
Microsoft Visual Studio Solution File, Format Version 12.00
# Visual Studio Version 17
VisualStudioVersion = 17.4.33213.308
MinimumVisualStudioVersion = 10.0.40219.1
Project("{2150E333-8FDC-42A3-9474-1A3956D46DE8}") = "Services", "Services", "{490C27A6-BCDA-46C4-8163-FE4BAA76219B}"
EndProject
Project("{2150E333-8FDC-42A3-9474-1A3956D46DE8}") = "Catalog", "Catalog", "{E12C2A43-F730-4A69-B43E-31A84EE429E1}"
EndProject
Project("{FAE04EC0-301F-11D3-BF4B-00C04F79EFBC}") = "Catalog.Api", "Services\Catalog\Catalog.Api\Catalog.Api.csproj", "{329013FA-3C05-409C-875E-618ECC919D39}"
EndProject
Global
	GlobalSection(SolutionConfigurationPlatforms) = preSolution
		Debug|Any CPU = Debug|Any CPU
		Release|Any CPU = Release|Any CPU
	EndGlobalSection
	GlobalSection(ProjectConfigurationPlatforms) = postSolution
		{329013FA-3C05-409C-875E-618ECC919D39}.Debug|Any CPU.ActiveCfg = Debug|Any CPU
		{329013FA-3C05-409C-875E-618ECC919D39}.Debug|Any CPU.Build.0 = Debug|Any CPU
		{329013FA-3C05-409C-875E-618ECC919D39}.Release|Any CPU.ActiveCfg = Release|Any CPU
		{329013FA-3C05-409C-875E-618ECC919D39}.Release|Any CPU.Build.0 = Release|Any CPU
	EndGlobalSection
	GlobalSection(SolutionProperties) = preSolution
		HideSolutionNode = FALSE
	EndGlobalSection
	GlobalSection(NestedProjects) = preSolution
		{E12C2A43-F730-4A69-B43E-31A84EE429E1} = {490C27A6-BCDA-46C4-8163-FE4BAA76219B}
		{329013FA-3C05-409C-875E-618ECC919D39} = {E12C2A43-F730-4A69-B43E-31A84EE429E1}
	EndGlobalSection
	GlobalSection(ExtensibilityGlobals) = postSolution
		SolutionGuid = {F78C43E1-9211-4266-82F4-A80B93218277}
	EndGlobalSection
EndGlobal
